// !$*UTF8*$!
{
	archiveVersion = 1;
	classes = {
	};
	objectVersion = 52;
	objects = {

/* Begin PBXBuildFile section */
		6B0F19812639FAC400480B91 /* Extensions.swift in Sources */ = {isa = PBXBuildFile; fileRef = 6B0F19802639FAC400480B91 /* Extensions.swift */; };
		6B21B3F6268313BE00354990 /* Introspect in Frameworks */ = {isa = PBXBuildFile; productRef = 6B21B3F5268313BE00354990 /* Introspect */; };
		6B25C3E8268B4B2C0066F118 /* StroopTestPreparing.swift in Sources */ = {isa = PBXBuildFile; fileRef = 6B25C3E7268B4B2C0066F118 /* StroopTestPreparing.swift */; };
		6B25C3EA268B673B0066F118 /* StroopTesting.swift in Sources */ = {isa = PBXBuildFile; fileRef = 6B25C3E9268B673B0066F118 /* StroopTesting.swift */; };
		6B2CD065268F837300217B22 /* ChartsResult.swift in Sources */ = {isa = PBXBuildFile; fileRef = 6B2CD064268F837300217B22 /* ChartsResult.swift */; };
		6B2CD0692690626E00217B22 /* ChartView.swift in Sources */ = {isa = PBXBuildFile; fileRef = 6B2CD0682690626E00217B22 /* ChartView.swift */; };
		6B494C3B2572E02F0001864A /* StroopTest.swift in Sources */ = {isa = PBXBuildFile; fileRef = 6B494C3A2572E02F0001864A /* StroopTest.swift */; };
		6B68B60A26835F0000E45556 /* results.json in Resources */ = {isa = PBXBuildFile; fileRef = 6B68B60926835F0000E45556 /* results.json */; };
		6B88F431268E3BEA00F23083 /* MathTestCover.swift in Sources */ = {isa = PBXBuildFile; fileRef = 6B88F430268E3BEA00F23083 /* MathTestCover.swift */; };
		6B88F433268E460100F23083 /* MathTestFinish.swift in Sources */ = {isa = PBXBuildFile; fileRef = 6B88F432268E460100F23083 /* MathTestFinish.swift */; };
		6B88F435268E479D00F23083 /* MathFinish.json in Resources */ = {isa = PBXBuildFile; fileRef = 6B88F434268E479D00F23083 /* MathFinish.json */; };
		6B93670026829F66000BB506 /* offsetModificator.swift in Sources */ = {isa = PBXBuildFile; fileRef = 6B9366FF26829F66000BB506 /* offsetModificator.swift */; };
		6BBAF0802673903E009B69AE /* TimerView.swift in Sources */ = {isa = PBXBuildFile; fileRef = 6BBAF07F2673903E009B69AE /* TimerView.swift */; };
		6BBAF08226739098009B69AE /* FirstTestView.swift in Sources */ = {isa = PBXBuildFile; fileRef = 6BBAF08126739098009B69AE /* FirstTestView.swift */; };
		6BBAF0872673A3A4009B69AE /* Store.swift in Sources */ = {isa = PBXBuildFile; fileRef = 6BBAF0862673A3A4009B69AE /* Store.swift */; };
		6BBAF08A2674111B009B69AE /* WordsRememberTest.swift in Sources */ = {isa = PBXBuildFile; fileRef = 6BBAF0892674111B009B69AE /* WordsRememberTest.swift */; };
		6BD254542675F47400D061E3 /* Lottie in Frameworks */ = {isa = PBXBuildFile; productRef = 6BD254532675F47400D061E3 /* Lottie */; };
		6BD254562675F51A00D061E3 /* timer.json in Resources */ = {isa = PBXBuildFile; fileRef = 6BD254552675F51A00D061E3 /* timer.json */; };
		6BD254592675F56100D061E3 /* Lottie.swift in Sources */ = {isa = PBXBuildFile; fileRef = 6BD254582675F56100D061E3 /* Lottie.swift */; };
		6BD2545E2675F68500D061E3 /* memory.json in Resources */ = {isa = PBXBuildFile; fileRef = 6BD2545D2675F68500D061E3 /* memory.json */; };
		6BD254622675F7AB00D061E3 /* stroop.json in Resources */ = {isa = PBXBuildFile; fileRef = 6BD254612675F7AB00D061E3 /* stroop.json */; };
		6BD254672676507600D061E3 /* CoreData.xcdatamodeld in Sources */ = {isa = PBXBuildFile; fileRef = 6BD254652676507600D061E3 /* CoreData.xcdatamodeld */; };
		6BD2547126776B4200D061E3 /* mathTest.swift in Sources */ = {isa = PBXBuildFile; fileRef = 6BD2547026776B4100D061E3 /* mathTest.swift */; };
		6BD254732677F85100D061E3 /* math.json in Resources */ = {isa = PBXBuildFile; fileRef = 6BD254722677F85100D061E3 /* math.json */; };
		6BD254752677FBA300D061E3 /* Home.swift in Sources */ = {isa = PBXBuildFile; fileRef = 6BD254742677FBA300D061E3 /* Home.swift */; };
		6BD25483267B926200D061E3 /* TestResult.swift in Sources */ = {isa = PBXBuildFile; fileRef = 6BD25482267B926200D061E3 /* TestResult.swift */; };
		6BD25485267B951400D061E3 /* TestResultsView.swift in Sources */ = {isa = PBXBuildFile; fileRef = 6BD25484267B951400D061E3 /* TestResultsView.swift */; };
		6BD25487267CAED900D061E3 /* RingView.swift in Sources */ = {isa = PBXBuildFile; fileRef = 6BD25486267CAED900D061E3 /* RingView.swift */; };
		6BD25488267CD15C00D061E3 /* Localizable.strings in Resources */ = {isa = PBXBuildFile; fileRef = 6BD2548A267CD15C00D061E3 /* Localizable.strings */; };
		6BDF62632695A0EE00210F06 /* ProgressCard.swift in Sources */ = {isa = PBXBuildFile; fileRef = 6BDF62622695A0EE00210F06 /* ProgressCard.swift */; };
		6BDF62AE269C516300210F06 /* words.txt in Resources */ = {isa = PBXBuildFile; fileRef = 6BDF62AD269C516300210F06 /* words.txt */; };
		8E9F1F51253EE0AD0029E5F3 /* BrainTrainApp.swift in Sources */ = {isa = PBXBuildFile; fileRef = 8E9F1F50253EE0AD0029E5F3 /* BrainTrainApp.swift */; };
		8E9F1F53253EE0AD0029E5F3 /* ContentView.swift in Sources */ = {isa = PBXBuildFile; fileRef = 8E9F1F52253EE0AD0029E5F3 /* ContentView.swift */; };
		8E9F1F55253EE0AF0029E5F3 /* Assets.xcassets in Resources */ = {isa = PBXBuildFile; fileRef = 8E9F1F54253EE0AF0029E5F3 /* Assets.xcassets */; };
		8E9F1F58253EE0AF0029E5F3 /* Preview Assets.xcassets in Resources */ = {isa = PBXBuildFile; fileRef = 8E9F1F57253EE0AF0029E5F3 /* Preview Assets.xcassets */; };
		8E9F1F5A253EE0AF0029E5F3 /* Persistence.swift in Sources */ = {isa = PBXBuildFile; fileRef = 8E9F1F59253EE0AF0029E5F3 /* Persistence.swift */; };
/* End PBXBuildFile section */

/* Begin PBXFileReference section */
		6B0F19802639FAC400480B91 /* Extensions.swift */ = {isa = PBXFileReference; lastKnownFileType = sourcecode.swift; path = Extensions.swift; sourceTree = "<group>"; };
		6B25C3E7268B4B2C0066F118 /* StroopTestPreparing.swift */ = {isa = PBXFileReference; lastKnownFileType = sourcecode.swift; path = StroopTestPreparing.swift; sourceTree = "<group>"; };
		6B25C3E9268B673B0066F118 /* StroopTesting.swift */ = {isa = PBXFileReference; lastKnownFileType = sourcecode.swift; path = StroopTesting.swift; sourceTree = "<group>"; };
		6B2CD064268F837300217B22 /* ChartsResult.swift */ = {isa = PBXFileReference; lastKnownFileType = sourcecode.swift; path = ChartsResult.swift; sourceTree = "<group>"; };
		6B2CD0682690626E00217B22 /* ChartView.swift */ = {isa = PBXFileReference; lastKnownFileType = sourcecode.swift; path = ChartView.swift; sourceTree = "<group>"; };
		6B494C3A2572E02F0001864A /* StroopTest.swift */ = {isa = PBXFileReference; lastKnownFileType = sourcecode.swift; path = StroopTest.swift; sourceTree = "<group>"; };
		6B68B60926835F0000E45556 /* results.json */ = {isa = PBXFileReference; fileEncoding = 4; lastKnownFileType = text.json; path = results.json; sourceTree = "<group>"; };
		6B88F430268E3BEA00F23083 /* MathTestCover.swift */ = {isa = PBXFileReference; lastKnownFileType = sourcecode.swift; path = MathTestCover.swift; sourceTree = "<group>"; };
		6B88F432268E460100F23083 /* MathTestFinish.swift */ = {isa = PBXFileReference; lastKnownFileType = sourcecode.swift; path = MathTestFinish.swift; sourceTree = "<group>"; };
		6B88F434268E479D00F23083 /* MathFinish.json */ = {isa = PBXFileReference; fileEncoding = 4; lastKnownFileType = text.json; path = MathFinish.json; sourceTree = "<group>"; };
		6B9366FF26829F66000BB506 /* offsetModificator.swift */ = {isa = PBXFileReference; lastKnownFileType = sourcecode.swift; path = offsetModificator.swift; sourceTree = "<group>"; };
		6BBAF07F2673903E009B69AE /* TimerView.swift */ = {isa = PBXFileReference; lastKnownFileType = sourcecode.swift; path = TimerView.swift; sourceTree = "<group>"; };
		6BBAF08126739098009B69AE /* FirstTestView.swift */ = {isa = PBXFileReference; lastKnownFileType = sourcecode.swift; path = FirstTestView.swift; sourceTree = "<group>"; };
		6BBAF0862673A3A4009B69AE /* Store.swift */ = {isa = PBXFileReference; lastKnownFileType = sourcecode.swift; path = Store.swift; sourceTree = "<group>"; };
		6BBAF0892674111B009B69AE /* WordsRememberTest.swift */ = {isa = PBXFileReference; lastKnownFileType = sourcecode.swift; path = WordsRememberTest.swift; sourceTree = "<group>"; };
		6BD254552675F51A00D061E3 /* timer.json */ = {isa = PBXFileReference; fileEncoding = 4; lastKnownFileType = text.json; path = timer.json; sourceTree = "<group>"; };
		6BD254582675F56100D061E3 /* Lottie.swift */ = {isa = PBXFileReference; lastKnownFileType = sourcecode.swift; path = Lottie.swift; sourceTree = "<group>"; };
		6BD2545D2675F68500D061E3 /* memory.json */ = {isa = PBXFileReference; fileEncoding = 4; lastKnownFileType = text.json; path = memory.json; sourceTree = "<group>"; };
		6BD254612675F7AB00D061E3 /* stroop.json */ = {isa = PBXFileReference; fileEncoding = 4; lastKnownFileType = text.json; path = stroop.json; sourceTree = "<group>"; };
		6BD254662676507600D061E3 /* CoreData.xcdatamodel */ = {isa = PBXFileReference; lastKnownFileType = wrapper.xcdatamodel; path = CoreData.xcdatamodel; sourceTree = "<group>"; };
		6BD2547026776B4100D061E3 /* mathTest.swift */ = {isa = PBXFileReference; lastKnownFileType = sourcecode.swift; path = mathTest.swift; sourceTree = "<group>"; };
		6BD254722677F85100D061E3 /* math.json */ = {isa = PBXFileReference; fileEncoding = 4; lastKnownFileType = text.json; path = math.json; sourceTree = "<group>"; };
		6BD254742677FBA300D061E3 /* Home.swift */ = {isa = PBXFileReference; lastKnownFileType = sourcecode.swift; path = Home.swift; sourceTree = "<group>"; };
		6BD25482267B926200D061E3 /* TestResult.swift */ = {isa = PBXFileReference; lastKnownFileType = sourcecode.swift; path = TestResult.swift; sourceTree = "<group>"; };
		6BD25484267B951400D061E3 /* TestResultsView.swift */ = {isa = PBXFileReference; lastKnownFileType = sourcecode.swift; path = TestResultsView.swift; sourceTree = "<group>"; };
		6BD25486267CAED900D061E3 /* RingView.swift */ = {isa = PBXFileReference; fileEncoding = 4; lastKnownFileType = sourcecode.swift; path = RingView.swift; sourceTree = "<group>"; };
		6BD25489267CD15C00D061E3 /* ru */ = {isa = PBXFileReference; lastKnownFileType = text.plist.strings; name = ru; path = ru.lproj/Localizable.strings; sourceTree = "<group>"; };
		6BDF62622695A0EE00210F06 /* ProgressCard.swift */ = {isa = PBXFileReference; lastKnownFileType = sourcecode.swift; path = ProgressCard.swift; sourceTree = "<group>"; };
		6BDF62AD269C516300210F06 /* words.txt */ = {isa = PBXFileReference; fileEncoding = 4; lastKnownFileType = text; path = words.txt; sourceTree = "<group>"; };
		8E9F1F4D253EE0AD0029E5F3 /* BrainTrain.app */ = {isa = PBXFileReference; explicitFileType = wrapper.application; includeInIndex = 0; path = BrainTrain.app; sourceTree = BUILT_PRODUCTS_DIR; };
		8E9F1F50253EE0AD0029E5F3 /* BrainTrainApp.swift */ = {isa = PBXFileReference; lastKnownFileType = sourcecode.swift; path = BrainTrainApp.swift; sourceTree = "<group>"; };
		8E9F1F52253EE0AD0029E5F3 /* ContentView.swift */ = {isa = PBXFileReference; lastKnownFileType = sourcecode.swift; path = ContentView.swift; sourceTree = "<group>"; };
		8E9F1F54253EE0AF0029E5F3 /* Assets.xcassets */ = {isa = PBXFileReference; lastKnownFileType = folder.assetcatalog; path = Assets.xcassets; sourceTree = "<group>"; };
		8E9F1F57253EE0AF0029E5F3 /* Preview Assets.xcassets */ = {isa = PBXFileReference; lastKnownFileType = folder.assetcatalog; path = "Preview Assets.xcassets"; sourceTree = "<group>"; };
		8E9F1F59253EE0AF0029E5F3 /* Persistence.swift */ = {isa = PBXFileReference; lastKnownFileType = sourcecode.swift; path = Persistence.swift; sourceTree = "<group>"; };
		8E9F1F5E253EE0AF0029E5F3 /* Info.plist */ = {isa = PBXFileReference; lastKnownFileType = text.plist.xml; path = Info.plist; sourceTree = "<group>"; };
/* End PBXFileReference section */

/* Begin PBXFrameworksBuildPhase section */
		8E9F1F4A253EE0AD0029E5F3 /* Frameworks */ = {
			isa = PBXFrameworksBuildPhase;
			buildActionMask = 2147483647;
			files = (
				6BD254542675F47400D061E3 /* Lottie in Frameworks */,
				6B21B3F6268313BE00354990 /* Introspect in Frameworks */,
			);
			runOnlyForDeploymentPostprocessing = 0;
		};
/* End PBXFrameworksBuildPhase section */

/* Begin PBXGroup section */
		6B2CD063268F835300217B22 /* MathTest */ = {
			isa = PBXGroup;
			children = (
				6B88F430268E3BEA00F23083 /* MathTestCover.swift */,
				6B88F432268E460100F23083 /* MathTestFinish.swift */,
			);
			path = MathTest;
			sourceTree = "<group>";
		};
		6B494C3D2572E0650001864A /* Views */ = {
			isa = PBXGroup;
			children = (
				6BD254742677FBA300D061E3 /* Home.swift */,
				6BDF62622695A0EE00210F06 /* ProgressCard.swift */,
				6BBAF08126739098009B69AE /* FirstTestView.swift */,
				6BBAF088267410F5009B69AE /* Tests */,
				6BD25486267CAED900D061E3 /* RingView.swift */,
				6BD25484267B951400D061E3 /* TestResultsView.swift */,
				6BDF62612695A0C400210F06 /* TestResult */,
			);
			path = Views;
			sourceTree = "<group>";
		};
		6B88F429268D09D600F23083 /* StroopTest */ = {
			isa = PBXGroup;
			children = (
				6B25C3E7268B4B2C0066F118 /* StroopTestPreparing.swift */,
				6B25C3E9268B673B0066F118 /* StroopTesting.swift */,
			);
			path = StroopTest;
			sourceTree = "<group>";
		};
		6BBAF0852673A393009B69AE /* ViewModel */ = {
			isa = PBXGroup;
			children = (
				6BBAF0862673A3A4009B69AE /* Store.swift */,
			);
			path = ViewModel;
			sourceTree = "<group>";
		};
		6BBAF088267410F5009B69AE /* Tests */ = {
			isa = PBXGroup;
			children = (
				6BBAF0892674111B009B69AE /* WordsRememberTest.swift */,
				6BDF62AD269C516300210F06 /* words.txt */,
				6B494C3A2572E02F0001864A /* StroopTest.swift */,
				6B88F429268D09D600F23083 /* StroopTest */,
				6BD2547026776B4100D061E3 /* mathTest.swift */,
				6B2CD063268F835300217B22 /* MathTest */,
			);
			path = Tests;
			sourceTree = "<group>";
		};
		6BD254572675F53D00D061E3 /* Utilities */ = {
			isa = PBXGroup;
			children = (
				6BD2548A267CD15C00D061E3 /* Localizable.strings */,
				6BBAF07F2673903E009B69AE /* TimerView.swift */,
				6B0F19802639FAC400480B91 /* Extensions.swift */,
				6BD254582675F56100D061E3 /* Lottie.swift */,
				6BD2545A2675F60700D061E3 /* LottieJSON */,
				6B9366FF26829F66000BB506 /* offsetModificator.swift */,
			);
			path = Utilities;
			sourceTree = "<group>";
		};
		6BD2545A2675F60700D061E3 /* LottieJSON */ = {
			isa = PBXGroup;
			children = (
				6B88F434268E479D00F23083 /* MathFinish.json */,
				6B68B60926835F0000E45556 /* results.json */,
				6BD254612675F7AB00D061E3 /* stroop.json */,
				6BD2545D2675F68500D061E3 /* memory.json */,
				6BD254552675F51A00D061E3 /* timer.json */,
				6BD254722677F85100D061E3 /* math.json */,
			);
			path = LottieJSON;
			sourceTree = "<group>";
		};
		6BD25481267B924C00D061E3 /* Model */ = {
			isa = PBXGroup;
			children = (
				6BD25482267B926200D061E3 /* TestResult.swift */,
			);
			path = Model;
			sourceTree = "<group>";
		};
		6BDF62612695A0C400210F06 /* TestResult */ = {
			isa = PBXGroup;
			children = (
				6B2CD064268F837300217B22 /* ChartsResult.swift */,
				6B2CD0682690626E00217B22 /* ChartView.swift */,
			);
			path = TestResult;
			sourceTree = "<group>";
		};
		8E9F1F44253EE0AD0029E5F3 = {
			isa = PBXGroup;
			children = (
				8E9F1F4F253EE0AD0029E5F3 /* BrainTrain */,
				8E9F1F4E253EE0AD0029E5F3 /* Products */,
			);
			sourceTree = "<group>";
		};
		8E9F1F4E253EE0AD0029E5F3 /* Products */ = {
			isa = PBXGroup;
			children = (
				8E9F1F4D253EE0AD0029E5F3 /* BrainTrain.app */,
			);
			name = Products;
			sourceTree = "<group>";
		};
		8E9F1F4F253EE0AD0029E5F3 /* BrainTrain */ = {
			isa = PBXGroup;
			children = (
				8E9F1F52253EE0AD0029E5F3 /* ContentView.swift */,
				6BD25481267B924C00D061E3 /* Model */,
				6B494C3D2572E0650001864A /* Views */,
				6BBAF0852673A393009B69AE /* ViewModel */,
				8E9F1F54253EE0AF0029E5F3 /* Assets.xcassets */,
				8E9F1F5E253EE0AF0029E5F3 /* Info.plist */,
				8E9F1F59253EE0AF0029E5F3 /* Persistence.swift */,
				6BD254652676507600D061E3 /* CoreData.xcdatamodeld */,
				8E9F1F50253EE0AD0029E5F3 /* BrainTrainApp.swift */,
				6BD254572675F53D00D061E3 /* Utilities */,
				8E9F1F56253EE0AF0029E5F3 /* Preview Content */,
			);
			path = BrainTrain;
			sourceTree = "<group>";
		};
		8E9F1F56253EE0AF0029E5F3 /* Preview Content */ = {
			isa = PBXGroup;
			children = (
				8E9F1F57253EE0AF0029E5F3 /* Preview Assets.xcassets */,
			);
			path = "Preview Content";
			sourceTree = "<group>";
		};
/* End PBXGroup section */

/* Begin PBXNativeTarget section */
		8E9F1F4C253EE0AD0029E5F3 /* BrainTrain */ = {
			isa = PBXNativeTarget;
			buildConfigurationList = 8E9F1F61253EE0AF0029E5F3 /* Build configuration list for PBXNativeTarget "BrainTrain" */;
			buildPhases = (
				8E9F1F49253EE0AD0029E5F3 /* Sources */,
				8E9F1F4A253EE0AD0029E5F3 /* Frameworks */,
				8E9F1F4B253EE0AD0029E5F3 /* Resources */,
			);
			buildRules = (
			);
			dependencies = (
			);
			name = BrainTrain;
			packageProductDependencies = (
				6BD254532675F47400D061E3 /* Lottie */,
				6B21B3F5268313BE00354990 /* Introspect */,
			);
			productName = BrainTrain;
			productReference = 8E9F1F4D253EE0AD0029E5F3 /* BrainTrain.app */;
			productType = "com.apple.product-type.application";
		};
/* End PBXNativeTarget section */

/* Begin PBXProject section */
		8E9F1F45253EE0AD0029E5F3 /* Project object */ = {
			isa = PBXProject;
			attributes = {
				LastSwiftUpdateCheck = 1200;
				LastUpgradeCheck = 1200;
				TargetAttributes = {
					8E9F1F4C253EE0AD0029E5F3 = {
						CreatedOnToolsVersion = 12.0;
					};
				};
			};
			buildConfigurationList = 8E9F1F48253EE0AD0029E5F3 /* Build configuration list for PBXProject "BrainTrain" */;
			compatibilityVersion = "Xcode 9.3";
			developmentRegion = en;
			hasScannedForEncodings = 0;
			knownRegions = (
				en,
				Base,
				ru,
			);
			mainGroup = 8E9F1F44253EE0AD0029E5F3;
			packageReferences = (
				6BD254522675F47400D061E3 /* XCRemoteSwiftPackageReference "lottie-ios" */,
				6B21B3F4268313BE00354990 /* XCRemoteSwiftPackageReference "SwiftUI-Introspect" */,
			);
			productRefGroup = 8E9F1F4E253EE0AD0029E5F3 /* Products */;
			projectDirPath = "";
			projectRoot = "";
			targets = (
				8E9F1F4C253EE0AD0029E5F3 /* BrainTrain */,
			);
		};
/* End PBXProject section */

/* Begin PBXResourcesBuildPhase section */
		8E9F1F4B253EE0AD0029E5F3 /* Resources */ = {
			isa = PBXResourcesBuildPhase;
			buildActionMask = 2147483647;
			files = (
				6BD254732677F85100D061E3 /* math.json in Resources */,
				6B88F435268E479D00F23083 /* MathFinish.json in Resources */,
				6BD254622675F7AB00D061E3 /* stroop.json in Resources */,
				6BD25488267CD15C00D061E3 /* Localizable.strings in Resources */,
				6BD2545E2675F68500D061E3 /* memory.json in Resources */,
				8E9F1F58253EE0AF0029E5F3 /* Preview Assets.xcassets in Resources */,
				8E9F1F55253EE0AF0029E5F3 /* Assets.xcassets in Resources */,
				6BD254562675F51A00D061E3 /* timer.json in Resources */,
				6BDF62AE269C516300210F06 /* words.txt in Resources */,
				6B68B60A26835F0000E45556 /* results.json in Resources */,
			);
			runOnlyForDeploymentPostprocessing = 0;
		};
/* End PBXResourcesBuildPhase section */

/* Begin PBXSourcesBuildPhase section */
		8E9F1F49253EE0AD0029E5F3 /* Sources */ = {
			isa = PBXSourcesBuildPhase;
			buildActionMask = 2147483647;
			files = (
				6BBAF0802673903E009B69AE /* TimerView.swift in Sources */,
				6BBAF08226739098009B69AE /* FirstTestView.swift in Sources */,
				8E9F1F5A253EE0AF0029E5F3 /* Persistence.swift in Sources */,
				6B0F19812639FAC400480B91 /* Extensions.swift in Sources */,
				6BD2547126776B4200D061E3 /* mathTest.swift in Sources */,
				6BBAF0872673A3A4009B69AE /* Store.swift in Sources */,
				6BD254752677FBA300D061E3 /* Home.swift in Sources */,
				6BBAF08A2674111B009B69AE /* WordsRememberTest.swift in Sources */,
				6BD25483267B926200D061E3 /* TestResult.swift in Sources */,
				6B93670026829F66000BB506 /* offsetModificator.swift in Sources */,
				6BD254592675F56100D061E3 /* Lottie.swift in Sources */,
				6B25C3E8268B4B2C0066F118 /* StroopTestPreparing.swift in Sources */,
				6BD25487267CAED900D061E3 /* RingView.swift in Sources */,
				6BD25485267B951400D061E3 /* TestResultsView.swift in Sources */,
				6B25C3EA268B673B0066F118 /* StroopTesting.swift in Sources */,
				6BD254672676507600D061E3 /* CoreData.xcdatamodeld in Sources */,
				6B494C3B2572E02F0001864A /* StroopTest.swift in Sources */,
				6B88F433268E460100F23083 /* MathTestFinish.swift in Sources */,
				8E9F1F53253EE0AD0029E5F3 /* ContentView.swift in Sources */,
				8E9F1F51253EE0AD0029E5F3 /* BrainTrainApp.swift in Sources */,
				6BDF62632695A0EE00210F06 /* ProgressCard.swift in Sources */,
				6B88F431268E3BEA00F23083 /* MathTestCover.swift in Sources */,
				6B2CD065268F837300217B22 /* ChartsResult.swift in Sources */,
				6B2CD0692690626E00217B22 /* ChartView.swift in Sources */,
			);
			runOnlyForDeploymentPostprocessing = 0;
		};
/* End PBXSourcesBuildPhase section */

/* Begin PBXVariantGroup section */
		6BD2548A267CD15C00D061E3 /* Localizable.strings */ = {
			isa = PBXVariantGroup;
			children = (
				6BD25489267CD15C00D061E3 /* ru */,
			);
			name = Localizable.strings;
			sourceTree = "<group>";
		};
/* End PBXVariantGroup section */

/* Begin XCBuildConfiguration section */
		8E9F1F5F253EE0AF0029E5F3 /* Debug */ = {
			isa = XCBuildConfiguration;
			buildSettings = {
				ALWAYS_SEARCH_USER_PATHS = NO;
				CLANG_ANALYZER_NONNULL = YES;
				CLANG_ANALYZER_NUMBER_OBJECT_CONVERSION = YES_AGGRESSIVE;
				CLANG_CXX_LANGUAGE_STANDARD = "gnu++14";
				CLANG_CXX_LIBRARY = "libc++";
				CLANG_ENABLE_MODULES = YES;
				CLANG_ENABLE_OBJC_ARC = YES;
				CLANG_ENABLE_OBJC_WEAK = YES;
				CLANG_WARN_BLOCK_CAPTURE_AUTORELEASING = YES;
				CLANG_WARN_BOOL_CONVERSION = YES;
				CLANG_WARN_COMMA = YES;
				CLANG_WARN_CONSTANT_CONVERSION = YES;
				CLANG_WARN_DEPRECATED_OBJC_IMPLEMENTATIONS = YES;
				CLANG_WARN_DIRECT_OBJC_ISA_USAGE = YES_ERROR;
				CLANG_WARN_DOCUMENTATION_COMMENTS = YES;
				CLANG_WARN_EMPTY_BODY = YES;
				CLANG_WARN_ENUM_CONVERSION = YES;
				CLANG_WARN_INFINITE_RECURSION = YES;
				CLANG_WARN_INT_CONVERSION = YES;
				CLANG_WARN_NON_LITERAL_NULL_CONVERSION = YES;
				CLANG_WARN_OBJC_IMPLICIT_RETAIN_SELF = YES;
				CLANG_WARN_OBJC_LITERAL_CONVERSION = YES;
				CLANG_WARN_OBJC_ROOT_CLASS = YES_ERROR;
				CLANG_WARN_QUOTED_INCLUDE_IN_FRAMEWORK_HEADER = YES;
				CLANG_WARN_RANGE_LOOP_ANALYSIS = YES;
				CLANG_WARN_STRICT_PROTOTYPES = YES;
				CLANG_WARN_SUSPICIOUS_MOVE = YES;
				CLANG_WARN_UNGUARDED_AVAILABILITY = YES_AGGRESSIVE;
				CLANG_WARN_UNREACHABLE_CODE = YES;
				CLANG_WARN__DUPLICATE_METHOD_MATCH = YES;
				COPY_PHASE_STRIP = NO;
				DEBUG_INFORMATION_FORMAT = dwarf;
				ENABLE_STRICT_OBJC_MSGSEND = YES;
				ENABLE_TESTABILITY = YES;
				GCC_C_LANGUAGE_STANDARD = gnu11;
				GCC_DYNAMIC_NO_PIC = NO;
				GCC_NO_COMMON_BLOCKS = YES;
				GCC_OPTIMIZATION_LEVEL = 0;
				GCC_PREPROCESSOR_DEFINITIONS = (
					"DEBUG=1",
					"$(inherited)",
				);
				GCC_WARN_64_TO_32_BIT_CONVERSION = YES;
				GCC_WARN_ABOUT_RETURN_TYPE = YES_ERROR;
				GCC_WARN_UNDECLARED_SELECTOR = YES;
				GCC_WARN_UNINITIALIZED_AUTOS = YES_AGGRESSIVE;
				GCC_WARN_UNUSED_FUNCTION = YES;
				GCC_WARN_UNUSED_VARIABLE = YES;
				IPHONEOS_DEPLOYMENT_TARGET = 14.0;
				MTL_ENABLE_DEBUG_INFO = INCLUDE_SOURCE;
				MTL_FAST_MATH = YES;
				ONLY_ACTIVE_ARCH = YES;
				SDKROOT = iphoneos;
				SWIFT_ACTIVE_COMPILATION_CONDITIONS = DEBUG;
				SWIFT_OPTIMIZATION_LEVEL = "-Onone";
			};
			name = Debug;
		};
		8E9F1F60253EE0AF0029E5F3 /* Release */ = {
			isa = XCBuildConfiguration;
			buildSettings = {
				ALWAYS_SEARCH_USER_PATHS = NO;
				CLANG_ANALYZER_NONNULL = YES;
				CLANG_ANALYZER_NUMBER_OBJECT_CONVERSION = YES_AGGRESSIVE;
				CLANG_CXX_LANGUAGE_STANDARD = "gnu++14";
				CLANG_CXX_LIBRARY = "libc++";
				CLANG_ENABLE_MODULES = YES;
				CLANG_ENABLE_OBJC_ARC = YES;
				CLANG_ENABLE_OBJC_WEAK = YES;
				CLANG_WARN_BLOCK_CAPTURE_AUTORELEASING = YES;
				CLANG_WARN_BOOL_CONVERSION = YES;
				CLANG_WARN_COMMA = YES;
				CLANG_WARN_CONSTANT_CONVERSION = YES;
				CLANG_WARN_DEPRECATED_OBJC_IMPLEMENTATIONS = YES;
				CLANG_WARN_DIRECT_OBJC_ISA_USAGE = YES_ERROR;
				CLANG_WARN_DOCUMENTATION_COMMENTS = YES;
				CLANG_WARN_EMPTY_BODY = YES;
				CLANG_WARN_ENUM_CONVERSION = YES;
				CLANG_WARN_INFINITE_RECURSION = YES;
				CLANG_WARN_INT_CONVERSION = YES;
				CLANG_WARN_NON_LITERAL_NULL_CONVERSION = YES;
				CLANG_WARN_OBJC_IMPLICIT_RETAIN_SELF = YES;
				CLANG_WARN_OBJC_LITERAL_CONVERSION = YES;
				CLANG_WARN_OBJC_ROOT_CLASS = YES_ERROR;
				CLANG_WARN_QUOTED_INCLUDE_IN_FRAMEWORK_HEADER = YES;
				CLANG_WARN_RANGE_LOOP_ANALYSIS = YES;
				CLANG_WARN_STRICT_PROTOTYPES = YES;
				CLANG_WARN_SUSPICIOUS_MOVE = YES;
				CLANG_WARN_UNGUARDED_AVAILABILITY = YES_AGGRESSIVE;
				CLANG_WARN_UNREACHABLE_CODE = YES;
				CLANG_WARN__DUPLICATE_METHOD_MATCH = YES;
				COPY_PHASE_STRIP = NO;
				DEBUG_INFORMATION_FORMAT = "dwarf-with-dsym";
				ENABLE_NS_ASSERTIONS = NO;
				ENABLE_STRICT_OBJC_MSGSEND = YES;
				GCC_C_LANGUAGE_STANDARD = gnu11;
				GCC_NO_COMMON_BLOCKS = YES;
				GCC_WARN_64_TO_32_BIT_CONVERSION = YES;
				GCC_WARN_ABOUT_RETURN_TYPE = YES_ERROR;
				GCC_WARN_UNDECLARED_SELECTOR = YES;
				GCC_WARN_UNINITIALIZED_AUTOS = YES_AGGRESSIVE;
				GCC_WARN_UNUSED_FUNCTION = YES;
				GCC_WARN_UNUSED_VARIABLE = YES;
				IPHONEOS_DEPLOYMENT_TARGET = 14.0;
				MTL_ENABLE_DEBUG_INFO = NO;
				MTL_FAST_MATH = YES;
				SDKROOT = iphoneos;
				SWIFT_COMPILATION_MODE = wholemodule;
				SWIFT_OPTIMIZATION_LEVEL = "-O";
				VALIDATE_PRODUCT = YES;
			};
			name = Release;
		};
		8E9F1F62253EE0AF0029E5F3 /* Debug */ = {
			isa = XCBuildConfiguration;
			buildSettings = {
				ASSETCATALOG_COMPILER_APPICON_NAME = AppIcon;
				ASSETCATALOG_COMPILER_GLOBAL_ACCENT_COLOR_NAME = AccentColor;
				CODE_SIGN_STYLE = Automatic;
				DEVELOPMENT_ASSET_PATHS = "\"BrainTrain/Preview Content\"";
				DEVELOPMENT_TEAM = XWJ7U5B2BL;
				ENABLE_PREVIEWS = YES;
				INFOPLIST_FILE = BrainTrain/Info.plist;
				IPHONEOS_DEPLOYMENT_TARGET = 14.0;
				LD_RUNPATH_SEARCH_PATHS = (
					"$(inherited)",
					"@executable_path/Frameworks",
				);
				PRODUCT_BUNDLE_IDENTIFIER = com.oknablitz.BrainTrain;
				PRODUCT_NAME = "$(TARGET_NAME)";
				SWIFT_VERSION = 5.0;
				TARGETED_DEVICE_FAMILY = "1,2";
			};
			name = Debug;
		};
		8E9F1F63253EE0AF0029E5F3 /* Release */ = {
			isa = XCBuildConfiguration;
			buildSettings = {
				ASSETCATALOG_COMPILER_APPICON_NAME = AppIcon;
				ASSETCATALOG_COMPILER_GLOBAL_ACCENT_COLOR_NAME = AccentColor;
				CODE_SIGN_STYLE = Automatic;
				DEVELOPMENT_ASSET_PATHS = "\"BrainTrain/Preview Content\"";
				DEVELOPMENT_TEAM = XWJ7U5B2BL;
				ENABLE_PREVIEWS = YES;
				INFOPLIST_FILE = BrainTrain/Info.plist;
				IPHONEOS_DEPLOYMENT_TARGET = 14.0;
				LD_RUNPATH_SEARCH_PATHS = (
					"$(inherited)",
					"@executable_path/Frameworks",
				);
				PRODUCT_BUNDLE_IDENTIFIER = com.oknablitz.BrainTrain;
				PRODUCT_NAME = "$(TARGET_NAME)";
				SWIFT_VERSION = 5.0;
				TARGETED_DEVICE_FAMILY = "1,2";
			};
			name = Release;
		};
/* End XCBuildConfiguration section */

/* Begin XCConfigurationList section */
		8E9F1F48253EE0AD0029E5F3 /* Build configuration list for PBXProject "BrainTrain" */ = {
			isa = XCConfigurationList;
			buildConfigurations = (
				8E9F1F5F253EE0AF0029E5F3 /* Debug */,
				8E9F1F60253EE0AF0029E5F3 /* Release */,
			);
			defaultConfigurationIsVisible = 0;
			defaultConfigurationName = Release;
		};
		8E9F1F61253EE0AF0029E5F3 /* Build configuration list for PBXNativeTarget "BrainTrain" */ = {
			isa = XCConfigurationList;
			buildConfigurations = (
				8E9F1F62253EE0AF0029E5F3 /* Debug */,
				8E9F1F63253EE0AF0029E5F3 /* Release */,
			);
			defaultConfigurationIsVisible = 0;
			defaultConfigurationName = Release;
		};
/* End XCConfigurationList section */

/* Begin XCRemoteSwiftPackageReference section */
		6B21B3F4268313BE00354990 /* XCRemoteSwiftPackageReference "SwiftUI-Introspect" */ = {
			isa = XCRemoteSwiftPackageReference;
			repositoryURL = "https://github.com/siteline/SwiftUI-Introspect";
			requirement = {
				kind = upToNextMajorVersion;
				minimumVersion = 0.1.3;
			};
		};
		6BD254522675F47400D061E3 /* XCRemoteSwiftPackageReference "lottie-ios" */ = {
			isa = XCRemoteSwiftPackageReference;
			repositoryURL = "https://github.com/airbnb/lottie-ios";
			requirement = {
				kind = upToNextMajorVersion;
				minimumVersion = 3.2.3;
			};
		};
/* End XCRemoteSwiftPackageReference section */

/* Begin XCSwiftPackageProductDependency section */
		6B21B3F5268313BE00354990 /* Introspect */ = {
			isa = XCSwiftPackageProductDependency;
			package = 6B21B3F4268313BE00354990 /* XCRemoteSwiftPackageReference "SwiftUI-Introspect" */;
			productName = Introspect;
		};
		6BD254532675F47400D061E3 /* Lottie */ = {
			isa = XCSwiftPackageProductDependency;
			package = 6BD254522675F47400D061E3 /* XCRemoteSwiftPackageReference "lottie-ios" */;
			productName = Lottie;
		};
/* End XCSwiftPackageProductDependency section */

/* Begin XCVersionGroup section */
		6BD254652676507600D061E3 /* CoreData.xcdatamodeld */ = {
			isa = XCVersionGroup;
			children = (
				6BD254662676507600D061E3 /* CoreData.xcdatamodel */,
			);
			currentVersion = 6BD254662676507600D061E3 /* CoreData.xcdatamodel */;
			path = CoreData.xcdatamodeld;
			sourceTree = "<group>";
			versionGroupType = wrapper.xcdatamodel;
		};
/* End XCVersionGroup section */
	};
	rootObject = 8E9F1F45253EE0AD0029E5F3 /* Project object */;
}
